
Microsoft Visual Studio Solution File, Format Version 12.00
# Visual Studio Version 17
VisualStudioVersion = 17.7.34024.191
MinimumVisualStudioVersion = 10.0.40219.1
Project("{FAE04EC0-301F-11D3-BF4B-00C04F79EFBC}") = "SumAverageMaxMinOfArray", "SumAverageMaxMinOfArray.csproj", "{B363DC70-6984-43EB-9164-284E61AE0C25}"
EndProject
Global
	GlobalSection(SolutionConfigurationPlatforms) = preSolution
		Debug|Any CPU = Debug|Any CPU
		Release|Any CPU = Release|Any CPU
	EndGlobalSection
	GlobalSection(ProjectConfigurationPlatforms) = postSolution
		{B363DC70-6984-43EB-9164-284E61AE0C25}.Debug|Any CPU.ActiveCfg = Debug|Any CPU
		{B363DC70-6984-43EB-9164-284E61AE0C25}.Debug|Any CPU.Build.0 = Debug|Any CPU
		{B363DC70-6984-43EB-9164-284E61AE0C25}.Release|Any CPU.ActiveCfg = Release|Any CPU
		{B363DC70-6984-43EB-9164-284E61AE0C25}.Release|Any CPU.Build.0 = Release|Any CPU
	EndGlobalSection
	GlobalSection(SolutionProperties) = preSolution
		HideSolutionNode = FALSE
	EndGlobalSection
	GlobalSection(ExtensibilityGlobals) = postSolution
		SolutionGuid = {2B961E8C-7A1A-4785-A907-96ECA0A9D56C}
	EndGlobalSection
EndGlobal
